// !$*UTF8*$!
{
	archiveVersion = 1;
	classes = {
	};
	objectVersion = 50;
	objects = {

/* Begin PBXBuildFile section */
		DE464F71220F5DFE0093641C /* InformationPostingViewController.swift in Sources */ = {isa = PBXBuildFile; fileRef = DE464F70220F5DFE0093641C /* InformationPostingViewController.swift */; };
		DE491DE4220F8C6C00528443 /* AddLocationMapViewController.swift in Sources */ = {isa = PBXBuildFile; fileRef = DE491DE3220F8C6C00528443 /* AddLocationMapViewController.swift */; };
		DE580DF2220F09770013DB31 /* CustomViewController.swift in Sources */ = {isa = PBXBuildFile; fileRef = DE580DF1220F09770013DB31 /* CustomViewController.swift */; };
		DE60B897220CA6F30081C21B /* MapViewController.swift in Sources */ = {isa = PBXBuildFile; fileRef = DE60B896220CA6F30081C21B /* MapViewController.swift */; };
		DE60B899220CA7370081C21B /* TableViewController.swift in Sources */ = {isa = PBXBuildFile; fileRef = DE60B898220CA7370081C21B /* TableViewController.swift */; };
		DE60B89B220CA8630081C21B /* CustomViewControllerExtension.swift in Sources */ = {isa = PBXBuildFile; fileRef = DE60B89A220CA8630081C21B /* CustomViewControllerExtension.swift */; };
		DE60B89E220CB5900081C21B /* ParseClient.swift in Sources */ = {isa = PBXBuildFile; fileRef = DE60B89D220CB5900081C21B /* ParseClient.swift */; };
		DE60B8A2220CB8FD0081C21B /* DataModel.swift in Sources */ = {isa = PBXBuildFile; fileRef = DE60B8A1220CB8FD0081C21B /* DataModel.swift */; };
		DE60B8A5220CBA120081C21B /* GetStudentLocationsResponse.swift in Sources */ = {isa = PBXBuildFile; fileRef = DE60B8A4220CBA120081C21B /* GetStudentLocationsResponse.swift */; };
		DE961B7E220DF1A1002E5C3A /* PublicUserDataResponse.swift in Sources */ = {isa = PBXBuildFile; fileRef = DE961B7D220DF1A1002E5C3A /* PublicUserDataResponse.swift */; };
		DEC67E58220B478300FE1F28 /* AppDelegate.swift in Sources */ = {isa = PBXBuildFile; fileRef = DEC67E57220B478300FE1F28 /* AppDelegate.swift */; };
		DEC67E5A220B478300FE1F28 /* LoginViewController.swift in Sources */ = {isa = PBXBuildFile; fileRef = DEC67E59220B478300FE1F28 /* LoginViewController.swift */; };
		DEC67E5D220B478300FE1F28 /* Main.storyboard in Resources */ = {isa = PBXBuildFile; fileRef = DEC67E5B220B478300FE1F28 /* Main.storyboard */; };
		DEC67E5F220B478400FE1F28 /* Assets.xcassets in Resources */ = {isa = PBXBuildFile; fileRef = DEC67E5E220B478400FE1F28 /* Assets.xcassets */; };
		DEC67E62220B478400FE1F28 /* LaunchScreen.storyboard in Resources */ = {isa = PBXBuildFile; fileRef = DEC67E60220B478400FE1F28 /* LaunchScreen.storyboard */; };
		DEC67E6E220B483000FE1F28 /* UdacityClient.swift in Sources */ = {isa = PBXBuildFile; fileRef = DEC67E6D220B483000FE1F28 /* UdacityClient.swift */; };
		DEC67E71220B4A6200FE1F28 /* LoginRequest.swift in Sources */ = {isa = PBXBuildFile; fileRef = DEC67E70220B4A6200FE1F28 /* LoginRequest.swift */; };
		DEC67E73220B4B6300FE1F28 /* LoginResponse.swift in Sources */ = {isa = PBXBuildFile; fileRef = DEC67E72220B4B6300FE1F28 /* LoginResponse.swift */; };
		DEF637872210B3A700C9F1B4 /* Account.swift in Sources */ = {isa = PBXBuildFile; fileRef = DEF637862210B3A700C9F1B4 /* Account.swift */; };
		DEF637892210B3CD00C9F1B4 /* Session.swift in Sources */ = {isa = PBXBuildFile; fileRef = DEF637882210B3CD00C9F1B4 /* Session.swift */; };
		DEF6378B2210B42A00C9F1B4 /* Errors.swift in Sources */ = {isa = PBXBuildFile; fileRef = DEF6378A2210B42A00C9F1B4 /* Errors.swift */; };
		DEF6378D2210B45C00C9F1B4 /* Membership.swift in Sources */ = {isa = PBXBuildFile; fileRef = DEF6378C2210B45C00C9F1B4 /* Membership.swift */; };
		DEF6378F2210B47A00C9F1B4 /* EmailPreferences.swift in Sources */ = {isa = PBXBuildFile; fileRef = DEF6378E2210B47A00C9F1B4 /* EmailPreferences.swift */; };
		DEF637912210B4A800C9F1B4 /* Email.swift in Sources */ = {isa = PBXBuildFile; fileRef = DEF637902210B4A800C9F1B4 /* Email.swift */; };
		DEF637932210B4BF00C9F1B4 /* Guard.swift in Sources */ = {isa = PBXBuildFile; fileRef = DEF637922210B4BF00C9F1B4 /* Guard.swift */; };
		DEF637952210B4D100C9F1B4 /* Permission.swift in Sources */ = {isa = PBXBuildFile; fileRef = DEF637942210B4D100C9F1B4 /* Permission.swift */; };
		DEF637972210B4E700C9F1B4 /* Ref.swift in Sources */ = {isa = PBXBuildFile; fileRef = DEF637962210B4E700C9F1B4 /* Ref.swift */; };
		DEF637992210B51100C9F1B4 /* PutLocationResponse.swift in Sources */ = {isa = PBXBuildFile; fileRef = DEF637982210B51100C9F1B4 /* PutLocationResponse.swift */; };
		DEF6379B2210B53600C9F1B4 /* PostLocationResponse.swift in Sources */ = {isa = PBXBuildFile; fileRef = DEF6379A2210B53600C9F1B4 /* PostLocationResponse.swift */; };
		DEF6379D2210B55400C9F1B4 /* StudentInformation.swift in Sources */ = {isa = PBXBuildFile; fileRef = DEF6379C2210B55400C9F1B4 /* StudentInformation.swift */; };
		DEF637AA2210DA7900C9F1B4 /* UIActivityIndicatorViewExtension.swift in Sources */ = {isa = PBXBuildFile; fileRef = DEF637A92210DA7900C9F1B4 /* UIActivityIndicatorViewExtension.swift */; };
		DEF637AE2210DAE400C9F1B4 /* TableViewControllerExtension.swift in Sources */ = {isa = PBXBuildFile; fileRef = DEF637AD2210DAE400C9F1B4 /* TableViewControllerExtension.swift */; };
/* End PBXBuildFile section */

/* Begin PBXFileReference section */
		DE464F70220F5DFE0093641C /* InformationPostingViewController.swift */ = {isa = PBXFileReference; lastKnownFileType = sourcecode.swift; path = InformationPostingViewController.swift; sourceTree = "<group>"; };
		DE491DE3220F8C6C00528443 /* AddLocationMapViewController.swift */ = {isa = PBXFileReference; lastKnownFileType = sourcecode.swift; path = AddLocationMapViewController.swift; sourceTree = "<group>"; };
		DE580DF1220F09770013DB31 /* CustomViewController.swift */ = {isa = PBXFileReference; lastKnownFileType = sourcecode.swift; path = CustomViewController.swift; sourceTree = "<group>"; };
		DE60B896220CA6F30081C21B /* MapViewController.swift */ = {isa = PBXFileReference; lastKnownFileType = sourcecode.swift; path = MapViewController.swift; sourceTree = "<group>"; };
		DE60B898220CA7370081C21B /* TableViewController.swift */ = {isa = PBXFileReference; lastKnownFileType = sourcecode.swift; path = TableViewController.swift; sourceTree = "<group>"; };
		DE60B89A220CA8630081C21B /* CustomViewControllerExtension.swift */ = {isa = PBXFileReference; lastKnownFileType = sourcecode.swift; path = CustomViewControllerExtension.swift; sourceTree = "<group>"; };
		DE60B89D220CB5900081C21B /* ParseClient.swift */ = {isa = PBXFileReference; lastKnownFileType = sourcecode.swift; path = ParseClient.swift; sourceTree = "<group>"; };
		DE60B8A1220CB8FD0081C21B /* DataModel.swift */ = {isa = PBXFileReference; lastKnownFileType = sourcecode.swift; path = DataModel.swift; sourceTree = "<group>"; };
		DE60B8A4220CBA120081C21B /* GetStudentLocationsResponse.swift */ = {isa = PBXFileReference; lastKnownFileType = sourcecode.swift; path = GetStudentLocationsResponse.swift; sourceTree = "<group>"; };
		DE961B7D220DF1A1002E5C3A /* PublicUserDataResponse.swift */ = {isa = PBXFileReference; lastKnownFileType = sourcecode.swift; path = PublicUserDataResponse.swift; sourceTree = "<group>"; };
		DEC67E54220B478300FE1F28 /* OnTheMap.app */ = {isa = PBXFileReference; explicitFileType = wrapper.application; includeInIndex = 0; path = OnTheMap.app; sourceTree = BUILT_PRODUCTS_DIR; };
		DEC67E57220B478300FE1F28 /* AppDelegate.swift */ = {isa = PBXFileReference; lastKnownFileType = sourcecode.swift; path = AppDelegate.swift; sourceTree = "<group>"; };
		DEC67E59220B478300FE1F28 /* LoginViewController.swift */ = {isa = PBXFileReference; lastKnownFileType = sourcecode.swift; path = LoginViewController.swift; sourceTree = "<group>"; };
		DEC67E5C220B478300FE1F28 /* Base */ = {isa = PBXFileReference; lastKnownFileType = file.storyboard; name = Base; path = Base.lproj/Main.storyboard; sourceTree = "<group>"; };
		DEC67E5E220B478400FE1F28 /* Assets.xcassets */ = {isa = PBXFileReference; lastKnownFileType = folder.assetcatalog; path = Assets.xcassets; sourceTree = "<group>"; };
		DEC67E61220B478400FE1F28 /* Base */ = {isa = PBXFileReference; lastKnownFileType = file.storyboard; name = Base; path = Base.lproj/LaunchScreen.storyboard; sourceTree = "<group>"; };
		DEC67E63220B478400FE1F28 /* Info.plist */ = {isa = PBXFileReference; lastKnownFileType = text.plist.xml; path = Info.plist; sourceTree = "<group>"; };
		DEC67E6D220B483000FE1F28 /* UdacityClient.swift */ = {isa = PBXFileReference; lastKnownFileType = sourcecode.swift; path = UdacityClient.swift; sourceTree = "<group>"; };
		DEC67E70220B4A6200FE1F28 /* LoginRequest.swift */ = {isa = PBXFileReference; lastKnownFileType = sourcecode.swift; path = LoginRequest.swift; sourceTree = "<group>"; };
		DEC67E72220B4B6300FE1F28 /* LoginResponse.swift */ = {isa = PBXFileReference; lastKnownFileType = sourcecode.swift; path = LoginResponse.swift; sourceTree = "<group>"; };
		DEF637862210B3A700C9F1B4 /* Account.swift */ = {isa = PBXFileReference; lastKnownFileType = sourcecode.swift; path = Account.swift; sourceTree = "<group>"; };
		DEF637882210B3CD00C9F1B4 /* Session.swift */ = {isa = PBXFileReference; lastKnownFileType = sourcecode.swift; path = Session.swift; sourceTree = "<group>"; };
		DEF6378A2210B42A00C9F1B4 /* Errors.swift */ = {isa = PBXFileReference; lastKnownFileType = sourcecode.swift; path = Errors.swift; sourceTree = "<group>"; };
		DEF6378C2210B45C00C9F1B4 /* Membership.swift */ = {isa = PBXFileReference; lastKnownFileType = sourcecode.swift; path = Membership.swift; sourceTree = "<group>"; };
		DEF6378E2210B47A00C9F1B4 /* EmailPreferences.swift */ = {isa = PBXFileReference; lastKnownFileType = sourcecode.swift; path = EmailPreferences.swift; sourceTree = "<group>"; };
		DEF637902210B4A800C9F1B4 /* Email.swift */ = {isa = PBXFileReference; lastKnownFileType = sourcecode.swift; path = Email.swift; sourceTree = "<group>"; };
		DEF637922210B4BF00C9F1B4 /* Guard.swift */ = {isa = PBXFileReference; lastKnownFileType = sourcecode.swift; path = Guard.swift; sourceTree = "<group>"; };
		DEF637942210B4D100C9F1B4 /* Permission.swift */ = {isa = PBXFileReference; lastKnownFileType = sourcecode.swift; path = Permission.swift; sourceTree = "<group>"; };
		DEF637962210B4E700C9F1B4 /* Ref.swift */ = {isa = PBXFileReference; lastKnownFileType = sourcecode.swift; path = Ref.swift; sourceTree = "<group>"; };
		DEF637982210B51100C9F1B4 /* PutLocationResponse.swift */ = {isa = PBXFileReference; lastKnownFileType = sourcecode.swift; path = PutLocationResponse.swift; sourceTree = "<group>"; };
		DEF6379A2210B53600C9F1B4 /* PostLocationResponse.swift */ = {isa = PBXFileReference; lastKnownFileType = sourcecode.swift; path = PostLocationResponse.swift; sourceTree = "<group>"; };
		DEF6379C2210B55400C9F1B4 /* StudentInformation.swift */ = {isa = PBXFileReference; lastKnownFileType = sourcecode.swift; path = StudentInformation.swift; sourceTree = "<group>"; };
		DEF637A92210DA7900C9F1B4 /* UIActivityIndicatorViewExtension.swift */ = {isa = PBXFileReference; lastKnownFileType = sourcecode.swift; path = UIActivityIndicatorViewExtension.swift; sourceTree = "<group>"; };
		DEF637AD2210DAE400C9F1B4 /* TableViewControllerExtension.swift */ = {isa = PBXFileReference; lastKnownFileType = sourcecode.swift; path = TableViewControllerExtension.swift; sourceTree = "<group>"; };
/* End PBXFileReference section */

/* Begin PBXFrameworksBuildPhase section */
		DEC67E51220B478300FE1F28 /* Frameworks */ = {
			isa = PBXFrameworksBuildPhase;
			buildActionMask = 2147483647;
			files = (
			);
			runOnlyForDeploymentPostprocessing = 0;
		};
/* End PBXFrameworksBuildPhase section */

/* Begin PBXGroup section */
		DE60B89C220CB5790081C21B /* Parse */ = {
			isa = PBXGroup;
			children = (
				DE60B89D220CB5900081C21B /* ParseClient.swift */,
				DE60B8A4220CBA120081C21B /* GetStudentLocationsResponse.swift */,
				DEF6379A2210B53600C9F1B4 /* PostLocationResponse.swift */,
				DEF637982210B51100C9F1B4 /* PutLocationResponse.swift */,
			);
			path = Parse;
			sourceTree = "<group>";
		};
		DE60B8A3220CB9D80081C21B /* Data */ = {
			isa = PBXGroup;
			children = (
				DE60B8A1220CB8FD0081C21B /* DataModel.swift */,
			);
			path = Data;
			sourceTree = "<group>";
		};
		DEC67E4B220B478300FE1F28 = {
			isa = PBXGroup;
			children = (
				DEC67E56220B478300FE1F28 /* OnTheMap */,
				DEC67E55220B478300FE1F28 /* Products */,
			);
			sourceTree = "<group>";
		};
		DEC67E55220B478300FE1F28 /* Products */ = {
			isa = PBXGroup;
			children = (
				DEC67E54220B478300FE1F28 /* OnTheMap.app */,
			);
			name = Products;
			sourceTree = "<group>";
		};
		DEC67E56220B478300FE1F28 /* OnTheMap */ = {
			isa = PBXGroup;
			children = (
				DEC67E6B220B480600FE1F28 /* Model */,
				DEC67E57220B478300FE1F28 /* AppDelegate.swift */,
				DEC67E69220B47C700FE1F28 /* Controller */,
				DEC67E6A220B47DA00FE1F28 /* Assets */,
				DEC67E63220B478400FE1F28 /* Info.plist */,
			);
			path = OnTheMap;
			sourceTree = "<group>";
		};
		DEC67E69220B47C700FE1F28 /* Controller */ = {
			isa = PBXGroup;
			children = (
				DEF6379E2210CA9900C9F1B4 /* Extensions */,
				DEC67E59220B478300FE1F28 /* LoginViewController.swift */,
				DE60B896220CA6F30081C21B /* MapViewController.swift */,
				DE60B898220CA7370081C21B /* TableViewController.swift */,
				DE580DF1220F09770013DB31 /* CustomViewController.swift */,
				DE464F70220F5DFE0093641C /* InformationPostingViewController.swift */,
				DE491DE3220F8C6C00528443 /* AddLocationMapViewController.swift */,
			);
			path = Controller;
			sourceTree = "<group>";
		};
		DEC67E6A220B47DA00FE1F28 /* Assets */ = {
			isa = PBXGroup;
			children = (
				DEC67E5B220B478300FE1F28 /* Main.storyboard */,
				DEC67E5E220B478400FE1F28 /* Assets.xcassets */,
				DEC67E60220B478400FE1F28 /* LaunchScreen.storyboard */,
			);
			path = Assets;
			sourceTree = "<group>";
		};
		DEC67E6B220B480600FE1F28 /* Model */ = {
			isa = PBXGroup;
			children = (
				DEF637852210B37F00C9F1B4 /* SharedTypes */,
				DE60B8A3220CB9D80081C21B /* Data */,
				DEC67E6C220B481500FE1F28 /* Udacity */,
				DE60B89C220CB5790081C21B /* Parse */,
			);
			path = Model;
			sourceTree = "<group>";
		};
		DEC67E6C220B481500FE1F28 /* Udacity */ = {
			isa = PBXGroup;
			children = (
				DEC67E6D220B483000FE1F28 /* UdacityClient.swift */,
				DEC67E70220B4A6200FE1F28 /* LoginRequest.swift */,
				DEC67E72220B4B6300FE1F28 /* LoginResponse.swift */,
				DE961B7D220DF1A1002E5C3A /* PublicUserDataResponse.swift */,
			);
			path = Udacity;
			sourceTree = "<group>";
		};
		DEF637852210B37F00C9F1B4 /* SharedTypes */ = {
			isa = PBXGroup;
			children = (
				DEF637862210B3A700C9F1B4 /* Account.swift */,
				DEF637882210B3CD00C9F1B4 /* Session.swift */,
				DEF6378A2210B42A00C9F1B4 /* Errors.swift */,
				DEF6378C2210B45C00C9F1B4 /* Membership.swift */,
				DEF6378E2210B47A00C9F1B4 /* EmailPreferences.swift */,
				DEF637902210B4A800C9F1B4 /* Email.swift */,
				DEF637922210B4BF00C9F1B4 /* Guard.swift */,
				DEF637942210B4D100C9F1B4 /* Permission.swift */,
				DEF637962210B4E700C9F1B4 /* Ref.swift */,
				DEF6379C2210B55400C9F1B4 /* StudentInformation.swift */,
			);
			path = SharedTypes;
			sourceTree = "<group>";
		};
		DEF6379E2210CA9900C9F1B4 /* Extensions */ = {
			isa = PBXGroup;
			children = (
				DE60B89A220CA8630081C21B /* CustomViewControllerExtension.swift */,
				DEF637A92210DA7900C9F1B4 /* UIActivityIndicatorViewExtension.swift */,
				DEF637AD2210DAE400C9F1B4 /* TableViewControllerExtension.swift */,
			);
			path = Extensions;
			sourceTree = "<group>";
		};
/* End PBXGroup section */

/* Begin PBXNativeTarget section */
		DEC67E53220B478300FE1F28 /* OnTheMap */ = {
			isa = PBXNativeTarget;
			buildConfigurationList = DEC67E66220B478400FE1F28 /* Build configuration list for PBXNativeTarget "OnTheMap" */;
			buildPhases = (
				DEC67E50220B478300FE1F28 /* Sources */,
				DEC67E51220B478300FE1F28 /* Frameworks */,
				DEC67E52220B478300FE1F28 /* Resources */,
			);
			buildRules = (
			);
			dependencies = (
			);
			name = OnTheMap;
			productName = OnTheMap;
			productReference = DEC67E54220B478300FE1F28 /* OnTheMap.app */;
			productType = "com.apple.product-type.application";
		};
/* End PBXNativeTarget section */

/* Begin PBXProject section */
		DEC67E4C220B478300FE1F28 /* Project object */ = {
			isa = PBXProject;
			attributes = {
				LastSwiftUpdateCheck = 1010;
				LastUpgradeCheck = 1010;
				ORGANIZATIONNAME = "Frank Mortensen";
				TargetAttributes = {
					DEC67E53220B478300FE1F28 = {
						CreatedOnToolsVersion = 10.1;
					};
				};
			};
			buildConfigurationList = DEC67E4F220B478300FE1F28 /* Build configuration list for PBXProject "OnTheMap" */;
			compatibilityVersion = "Xcode 9.3";
			developmentRegion = en;
			hasScannedForEncodings = 0;
			knownRegions = (
				en,
				Base,
			);
			mainGroup = DEC67E4B220B478300FE1F28;
			productRefGroup = DEC67E55220B478300FE1F28 /* Products */;
			projectDirPath = "";
			projectRoot = "";
			targets = (
				DEC67E53220B478300FE1F28 /* OnTheMap */,
			);
		};
/* End PBXProject section */

/* Begin PBXResourcesBuildPhase section */
		DEC67E52220B478300FE1F28 /* Resources */ = {
			isa = PBXResourcesBuildPhase;
			buildActionMask = 2147483647;
			files = (
				DEC67E62220B478400FE1F28 /* LaunchScreen.storyboard in Resources */,
				DEC67E5F220B478400FE1F28 /* Assets.xcassets in Resources */,
				DEC67E5D220B478300FE1F28 /* Main.storyboard in Resources */,
			);
			runOnlyForDeploymentPostprocessing = 0;
		};
/* End PBXResourcesBuildPhase section */

/* Begin PBXSourcesBuildPhase section */
		DEC67E50220B478300FE1F28 /* Sources */ = {
			isa = PBXSourcesBuildPhase;
			buildActionMask = 2147483647;
			files = (
				DE60B89E220CB5900081C21B /* ParseClient.swift in Sources */,
				DEF637892210B3CD00C9F1B4 /* Session.swift in Sources */,
				DEF637992210B51100C9F1B4 /* PutLocationResponse.swift in Sources */,
				DEC67E5A220B478300FE1F28 /* LoginViewController.swift in Sources */,
				DE60B899220CA7370081C21B /* TableViewController.swift in Sources */,
				DE464F71220F5DFE0093641C /* InformationPostingViewController.swift in Sources */,
				DE60B897220CA6F30081C21B /* MapViewController.swift in Sources */,
				DEF637872210B3A700C9F1B4 /* Account.swift in Sources */,
				DEC67E58220B478300FE1F28 /* AppDelegate.swift in Sources */,
				DEF637912210B4A800C9F1B4 /* Email.swift in Sources */,
				DE60B8A2220CB8FD0081C21B /* DataModel.swift in Sources */,
				DEF6378D2210B45C00C9F1B4 /* Membership.swift in Sources */,
				DE491DE4220F8C6C00528443 /* AddLocationMapViewController.swift in Sources */,
				DEF6378F2210B47A00C9F1B4 /* EmailPreferences.swift in Sources */,
				DE580DF2220F09770013DB31 /* CustomViewController.swift in Sources */,
				DEF6379D2210B55400C9F1B4 /* StudentInformation.swift in Sources */,
				DE60B89B220CA8630081C21B /* CustomViewControllerExtension.swift in Sources */,
				DEF637AA2210DA7900C9F1B4 /* UIActivityIndicatorViewExtension.swift in Sources */,
				DEF637932210B4BF00C9F1B4 /* Guard.swift in Sources */,
				DEF637952210B4D100C9F1B4 /* Permission.swift in Sources */,
				DEF637972210B4E700C9F1B4 /* Ref.swift in Sources */,
				DEC67E6E220B483000FE1F28 /* UdacityClient.swift in Sources */,
				DEC67E71220B4A6200FE1F28 /* LoginRequest.swift in Sources */,
				DE60B8A5220CBA120081C21B /* GetStudentLocationsResponse.swift in Sources */,
				DE961B7E220DF1A1002E5C3A /* PublicUserDataResponse.swift in Sources */,
				DEF6379B2210B53600C9F1B4 /* PostLocationResponse.swift in Sources */,
				DEF6378B2210B42A00C9F1B4 /* Errors.swift in Sources */,
				DEC67E73220B4B6300FE1F28 /* LoginResponse.swift in Sources */,
				DEF637AE2210DAE400C9F1B4 /* TableViewControllerExtension.swift in Sources */,
			);
			runOnlyForDeploymentPostprocessing = 0;
		};
/* End PBXSourcesBuildPhase section */

/* Begin PBXVariantGroup section */
		DEC67E5B220B478300FE1F28 /* Main.storyboard */ = {
			isa = PBXVariantGroup;
			children = (
				DEC67E5C220B478300FE1F28 /* Base */,
			);
			name = Main.storyboard;
			sourceTree = "<group>";
		};
		DEC67E60220B478400FE1F28 /* LaunchScreen.storyboard */ = {
			isa = PBXVariantGroup;
			children = (
				DEC67E61220B478400FE1F28 /* Base */,
			);
			name = LaunchScreen.storyboard;
			sourceTree = "<group>";
		};
/* End PBXVariantGroup section */

/* Begin XCBuildConfiguration section */
		DEC67E64220B478400FE1F28 /* Debug */ = {
			isa = XCBuildConfiguration;
			buildSettings = {
				ALWAYS_SEARCH_USER_PATHS = NO;
				CLANG_ANALYZER_NONNULL = YES;
				CLANG_ANALYZER_NUMBER_OBJECT_CONVERSION = YES_AGGRESSIVE;
				CLANG_CXX_LANGUAGE_STANDARD = "gnu++14";
				CLANG_CXX_LIBRARY = "libc++";
				CLANG_ENABLE_MODULES = YES;
				CLANG_ENABLE_OBJC_ARC = YES;
				CLANG_ENABLE_OBJC_WEAK = YES;
				CLANG_WARN_BLOCK_CAPTURE_AUTORELEASING = YES;
				CLANG_WARN_BOOL_CONVERSION = YES;
				CLANG_WARN_COMMA = YES;
				CLANG_WARN_CONSTANT_CONVERSION = YES;
				CLANG_WARN_DEPRECATED_OBJC_IMPLEMENTATIONS = YES;
				CLANG_WARN_DIRECT_OBJC_ISA_USAGE = YES_ERROR;
				CLANG_WARN_DOCUMENTATION_COMMENTS = YES;
				CLANG_WARN_EMPTY_BODY = YES;
				CLANG_WARN_ENUM_CONVERSION = YES;
				CLANG_WARN_INFINITE_RECURSION = YES;
				CLANG_WARN_INT_CONVERSION = YES;
				CLANG_WARN_NON_LITERAL_NULL_CONVERSION = YES;
				CLANG_WARN_OBJC_IMPLICIT_RETAIN_SELF = YES;
				CLANG_WARN_OBJC_LITERAL_CONVERSION = YES;
				CLANG_WARN_OBJC_ROOT_CLASS = YES_ERROR;
				CLANG_WARN_RANGE_LOOP_ANALYSIS = YES;
				CLANG_WARN_STRICT_PROTOTYPES = YES;
				CLANG_WARN_SUSPICIOUS_MOVE = YES;
				CLANG_WARN_UNGUARDED_AVAILABILITY = YES_AGGRESSIVE;
				CLANG_WARN_UNREACHABLE_CODE = YES;
				CLANG_WARN__DUPLICATE_METHOD_MATCH = YES;
				CODE_SIGN_IDENTITY = "iPhone Developer";
				COPY_PHASE_STRIP = NO;
				DEBUG_INFORMATION_FORMAT = dwarf;
				ENABLE_STRICT_OBJC_MSGSEND = YES;
				ENABLE_TESTABILITY = YES;
				GCC_C_LANGUAGE_STANDARD = gnu11;
				GCC_DYNAMIC_NO_PIC = NO;
				GCC_NO_COMMON_BLOCKS = YES;
				GCC_OPTIMIZATION_LEVEL = 0;
				GCC_PREPROCESSOR_DEFINITIONS = (
					"DEBUG=1",
					"$(inherited)",
				);
				GCC_WARN_64_TO_32_BIT_CONVERSION = YES;
				GCC_WARN_ABOUT_RETURN_TYPE = YES_ERROR;
				GCC_WARN_UNDECLARED_SELECTOR = YES;
				GCC_WARN_UNINITIALIZED_AUTOS = YES_AGGRESSIVE;
				GCC_WARN_UNUSED_FUNCTION = YES;
				GCC_WARN_UNUSED_VARIABLE = YES;
				IPHONEOS_DEPLOYMENT_TARGET = 12.1;
				MTL_ENABLE_DEBUG_INFO = INCLUDE_SOURCE;
				MTL_FAST_MATH = YES;
				ONLY_ACTIVE_ARCH = YES;
				SDKROOT = iphoneos;
				SWIFT_ACTIVE_COMPILATION_CONDITIONS = DEBUG;
				SWIFT_OPTIMIZATION_LEVEL = "-Onone";
			};
			name = Debug;
		};
		DEC67E65220B478400FE1F28 /* Release */ = {
			isa = XCBuildConfiguration;
			buildSettings = {
				ALWAYS_SEARCH_USER_PATHS = NO;
				CLANG_ANALYZER_NONNULL = YES;
				CLANG_ANALYZER_NUMBER_OBJECT_CONVERSION = YES_AGGRESSIVE;
				CLANG_CXX_LANGUAGE_STANDARD = "gnu++14";
				CLANG_CXX_LIBRARY = "libc++";
				CLANG_ENABLE_MODULES = YES;
				CLANG_ENABLE_OBJC_ARC = YES;
				CLANG_ENABLE_OBJC_WEAK = YES;
				CLANG_WARN_BLOCK_CAPTURE_AUTORELEASING = YES;
				CLANG_WARN_BOOL_CONVERSION = YES;
				CLANG_WARN_COMMA = YES;
				CLANG_WARN_CONSTANT_CONVERSION = YES;
				CLANG_WARN_DEPRECATED_OBJC_IMPLEMENTATIONS = YES;
				CLANG_WARN_DIRECT_OBJC_ISA_USAGE = YES_ERROR;
				CLANG_WARN_DOCUMENTATION_COMMENTS = YES;
				CLANG_WARN_EMPTY_BODY = YES;
				CLANG_WARN_ENUM_CONVERSION = YES;
				CLANG_WARN_INFINITE_RECURSION = YES;
				CLANG_WARN_INT_CONVERSION = YES;
				CLANG_WARN_NON_LITERAL_NULL_CONVERSION = YES;
				CLANG_WARN_OBJC_IMPLICIT_RETAIN_SELF = YES;
				CLANG_WARN_OBJC_LITERAL_CONVERSION = YES;
				CLANG_WARN_OBJC_ROOT_CLASS = YES_ERROR;
				CLANG_WARN_RANGE_LOOP_ANALYSIS = YES;
				CLANG_WARN_STRICT_PROTOTYPES = YES;
				CLANG_WARN_SUSPICIOUS_MOVE = YES;
				CLANG_WARN_UNGUARDED_AVAILABILITY = YES_AGGRESSIVE;
				CLANG_WARN_UNREACHABLE_CODE = YES;
				CLANG_WARN__DUPLICATE_METHOD_MATCH = YES;
				CODE_SIGN_IDENTITY = "iPhone Developer";
				COPY_PHASE_STRIP = NO;
				DEBUG_INFORMATION_FORMAT = "dwarf-with-dsym";
				ENABLE_NS_ASSERTIONS = NO;
				ENABLE_STRICT_OBJC_MSGSEND = YES;
				GCC_C_LANGUAGE_STANDARD = gnu11;
				GCC_NO_COMMON_BLOCKS = YES;
				GCC_WARN_64_TO_32_BIT_CONVERSION = YES;
				GCC_WARN_ABOUT_RETURN_TYPE = YES_ERROR;
				GCC_WARN_UNDECLARED_SELECTOR = YES;
				GCC_WARN_UNINITIALIZED_AUTOS = YES_AGGRESSIVE;
				GCC_WARN_UNUSED_FUNCTION = YES;
				GCC_WARN_UNUSED_VARIABLE = YES;
				IPHONEOS_DEPLOYMENT_TARGET = 12.1;
				MTL_ENABLE_DEBUG_INFO = NO;
				MTL_FAST_MATH = YES;
				SDKROOT = iphoneos;
				SWIFT_COMPILATION_MODE = wholemodule;
				SWIFT_OPTIMIZATION_LEVEL = "-O";
				VALIDATE_PRODUCT = YES;
			};
			name = Release;
		};
		DEC67E67220B478400FE1F28 /* Debug */ = {
			isa = XCBuildConfiguration;
			buildSettings = {
				ASSETCATALOG_COMPILER_APPICON_NAME = AppIcon;
				CODE_SIGN_STYLE = Automatic;
				DEVELOPMENT_TEAM = 49DQU47U86;
				INFOPLIST_FILE = OnTheMap/Info.plist;
				LD_RUNPATH_SEARCH_PATHS = (
					"$(inherited)",
					"@executable_path/Frameworks",
				);
				PRODUCT_BUNDLE_IDENTIFIER = im.mortensen.OnTheMap;
				PRODUCT_NAME = "$(TARGET_NAME)";
				SWIFT_VERSION = 4.2;
				TARGETED_DEVICE_FAMILY = "1,2";
			};
			name = Debug;
		};
		DEC67E68220B478400FE1F28 /* Release */ = {
			isa = XCBuildConfiguration;
			buildSettings = {
				ASSETCATALOG_COMPILER_APPICON_NAME = AppIcon;
				CODE_SIGN_STYLE = Automatic;
				DEVELOPMENT_TEAM = 49DQU47U86;
				INFOPLIST_FILE = OnTheMap/Info.plist;
				LD_RUNPATH_SEARCH_PATHS = (
					"$(inherited)",
					"@executable_path/Frameworks",
				);
				PRODUCT_BUNDLE_IDENTIFIER = im.mortensen.OnTheMap;
				PRODUCT_NAME = "$(TARGET_NAME)";
				SWIFT_VERSION = 4.2;
				TARGETED_DEVICE_FAMILY = "1,2";
			};
			name = Release;
		};
/* End XCBuildConfiguration section */

/* Begin XCConfigurationList section */
		DEC67E4F220B478300FE1F28 /* Build configuration list for PBXProject "OnTheMap" */ = {
			isa = XCConfigurationList;
			buildConfigurations = (
				DEC67E64220B478400FE1F28 /* Debug */,
				DEC67E65220B478400FE1F28 /* Release */,
			);
			defaultConfigurationIsVisible = 0;
			defaultConfigurationName = Release;
		};
		DEC67E66220B478400FE1F28 /* Build configuration list for PBXNativeTarget "OnTheMap" */ = {
			isa = XCConfigurationList;
			buildConfigurations = (
				DEC67E67220B478400FE1F28 /* Debug */,
				DEC67E68220B478400FE1F28 /* Release */,
			);
			defaultConfigurationIsVisible = 0;
			defaultConfigurationName = Release;
		};
/* End XCConfigurationList section */
	};
	rootObject = DEC67E4C220B478300FE1F28 /* Project object */;
}
