// !$*UTF8*$!
{
	archiveVersion = 1;
	classes = {
	};
	objectVersion = 50;
	objects = {

/* Begin PBXBuildFile section */
		DE60B897220CA6F30081C21B /* MapViewController.swift in Sources */ = {isa = PBXBuildFile; fileRef = DE60B896220CA6F30081C21B /* MapViewController.swift */; };
		DE60B899220CA7370081C21B /* TableViewController.swift in Sources */ = {isa = PBXBuildFile; fileRef = DE60B898220CA7370081C21B /* TableViewController.swift */; };
		DE60B89B220CA8630081C21B /* UIViewControllerExtension.swift in Sources */ = {isa = PBXBuildFile; fileRef = DE60B89A220CA8630081C21B /* UIViewControllerExtension.swift */; };
		DEC67E58220B478300FE1F28 /* AppDelegate.swift in Sources */ = {isa = PBXBuildFile; fileRef = DEC67E57220B478300FE1F28 /* AppDelegate.swift */; };
		DEC67E5A220B478300FE1F28 /* LoginViewController.swift in Sources */ = {isa = PBXBuildFile; fileRef = DEC67E59220B478300FE1F28 /* LoginViewController.swift */; };
		DEC67E5D220B478300FE1F28 /* Main.storyboard in Resources */ = {isa = PBXBuildFile; fileRef = DEC67E5B220B478300FE1F28 /* Main.storyboard */; };
		DEC67E5F220B478400FE1F28 /* Assets.xcassets in Resources */ = {isa = PBXBuildFile; fileRef = DEC67E5E220B478400FE1F28 /* Assets.xcassets */; };
		DEC67E62220B478400FE1F28 /* LaunchScreen.storyboard in Resources */ = {isa = PBXBuildFile; fileRef = DEC67E60220B478400FE1F28 /* LaunchScreen.storyboard */; };
		DEC67E6E220B483000FE1F28 /* UdacityClient.swift in Sources */ = {isa = PBXBuildFile; fileRef = DEC67E6D220B483000FE1F28 /* UdacityClient.swift */; };
		DEC67E71220B4A6200FE1F28 /* LoginRequest.swift in Sources */ = {isa = PBXBuildFile; fileRef = DEC67E70220B4A6200FE1F28 /* LoginRequest.swift */; };
		DEC67E73220B4B6300FE1F28 /* LoginResponse.swift in Sources */ = {isa = PBXBuildFile; fileRef = DEC67E72220B4B6300FE1F28 /* LoginResponse.swift */; };
/* End PBXBuildFile section */

/* Begin PBXFileReference section */
		DE60B896220CA6F30081C21B /* MapViewController.swift */ = {isa = PBXFileReference; lastKnownFileType = sourcecode.swift; path = MapViewController.swift; sourceTree = "<group>"; };
		DE60B898220CA7370081C21B /* TableViewController.swift */ = {isa = PBXFileReference; lastKnownFileType = sourcecode.swift; path = TableViewController.swift; sourceTree = "<group>"; };
		DE60B89A220CA8630081C21B /* UIViewControllerExtension.swift */ = {isa = PBXFileReference; lastKnownFileType = sourcecode.swift; path = UIViewControllerExtension.swift; sourceTree = "<group>"; };
		DEC67E54220B478300FE1F28 /* OnTheMap.app */ = {isa = PBXFileReference; explicitFileType = wrapper.application; includeInIndex = 0; path = OnTheMap.app; sourceTree = BUILT_PRODUCTS_DIR; };
		DEC67E57220B478300FE1F28 /* AppDelegate.swift */ = {isa = PBXFileReference; lastKnownFileType = sourcecode.swift; path = AppDelegate.swift; sourceTree = "<group>"; };
		DEC67E59220B478300FE1F28 /* LoginViewController.swift */ = {isa = PBXFileReference; lastKnownFileType = sourcecode.swift; path = LoginViewController.swift; sourceTree = "<group>"; };
		DEC67E5C220B478300FE1F28 /* Base */ = {isa = PBXFileReference; lastKnownFileType = file.storyboard; name = Base; path = Base.lproj/Main.storyboard; sourceTree = "<group>"; };
		DEC67E5E220B478400FE1F28 /* Assets.xcassets */ = {isa = PBXFileReference; lastKnownFileType = folder.assetcatalog; path = Assets.xcassets; sourceTree = "<group>"; };
		DEC67E61220B478400FE1F28 /* Base */ = {isa = PBXFileReference; lastKnownFileType = file.storyboard; name = Base; path = Base.lproj/LaunchScreen.storyboard; sourceTree = "<group>"; };
		DEC67E63220B478400FE1F28 /* Info.plist */ = {isa = PBXFileReference; lastKnownFileType = text.plist.xml; path = Info.plist; sourceTree = "<group>"; };
		DEC67E6D220B483000FE1F28 /* UdacityClient.swift */ = {isa = PBXFileReference; lastKnownFileType = sourcecode.swift; path = UdacityClient.swift; sourceTree = "<group>"; };
		DEC67E70220B4A6200FE1F28 /* LoginRequest.swift */ = {isa = PBXFileReference; lastKnownFileType = sourcecode.swift; path = LoginRequest.swift; sourceTree = "<group>"; };
		DEC67E72220B4B6300FE1F28 /* LoginResponse.swift */ = {isa = PBXFileReference; lastKnownFileType = sourcecode.swift; path = LoginResponse.swift; sourceTree = "<group>"; };
/* End PBXFileReference section */

/* Begin PBXFrameworksBuildPhase section */
		DEC67E51220B478300FE1F28 /* Frameworks */ = {
			isa = PBXFrameworksBuildPhase;
			buildActionMask = 2147483647;
			files = (
			);
			runOnlyForDeploymentPostprocessing = 0;
		};
/* End PBXFrameworksBuildPhase section */

/* Begin PBXGroup section */
		DEC67E4B220B478300FE1F28 = {
			isa = PBXGroup;
			children = (
				DEC67E56220B478300FE1F28 /* OnTheMap */,
				DEC67E55220B478300FE1F28 /* Products */,
			);
			sourceTree = "<group>";
		};
		DEC67E55220B478300FE1F28 /* Products */ = {
			isa = PBXGroup;
			children = (
				DEC67E54220B478300FE1F28 /* OnTheMap.app */,
			);
			name = Products;
			sourceTree = "<group>";
		};
		DEC67E56220B478300FE1F28 /* OnTheMap */ = {
			isa = PBXGroup;
			children = (
				DEC67E6B220B480600FE1F28 /* Model */,
				DEC67E57220B478300FE1F28 /* AppDelegate.swift */,
				DEC67E69220B47C700FE1F28 /* Controller */,
				DEC67E6A220B47DA00FE1F28 /* Assets */,
				DEC67E63220B478400FE1F28 /* Info.plist */,
			);
			path = OnTheMap;
			sourceTree = "<group>";
		};
		DEC67E69220B47C700FE1F28 /* Controller */ = {
			isa = PBXGroup;
			children = (
				DEC67E59220B478300FE1F28 /* LoginViewController.swift */,
				DE60B896220CA6F30081C21B /* MapViewController.swift */,
				DE60B898220CA7370081C21B /* TableViewController.swift */,
				DE60B89A220CA8630081C21B /* UIViewControllerExtension.swift */,
			);
			path = Controller;
			sourceTree = "<group>";
		};
		DEC67E6A220B47DA00FE1F28 /* Assets */ = {
			isa = PBXGroup;
			children = (
				DEC67E5B220B478300FE1F28 /* Main.storyboard */,
				DEC67E5E220B478400FE1F28 /* Assets.xcassets */,
				DEC67E60220B478400FE1F28 /* LaunchScreen.storyboard */,
			);
			path = Assets;
			sourceTree = "<group>";
		};
		DEC67E6B220B480600FE1F28 /* Model */ = {
			isa = PBXGroup;
			children = (
				DEC67E6C220B481500FE1F28 /* Udacity */,
			);
			path = Model;
			sourceTree = "<group>";
		};
		DEC67E6C220B481500FE1F28 /* Udacity */ = {
			isa = PBXGroup;
			children = (
				DEC67E6D220B483000FE1F28 /* UdacityClient.swift */,
				DEC67E70220B4A6200FE1F28 /* LoginRequest.swift */,
				DEC67E72220B4B6300FE1F28 /* LoginResponse.swift */,
			);
			path = Udacity;
			sourceTree = "<group>";
		};
/* End PBXGroup section */

/* Begin PBXNativeTarget section */
		DEC67E53220B478300FE1F28 /* OnTheMap */ = {
			isa = PBXNativeTarget;
			buildConfigurationList = DEC67E66220B478400FE1F28 /* Build configuration list for PBXNativeTarget "OnTheMap" */;
			buildPhases = (
				DEC67E50220B478300FE1F28 /* Sources */,
				DEC67E51220B478300FE1F28 /* Frameworks */,
				DEC67E52220B478300FE1F28 /* Resources */,
			);
			buildRules = (
			);
			dependencies = (
			);
			name = OnTheMap;
			productName = OnTheMap;
			productReference = DEC67E54220B478300FE1F28 /* OnTheMap.app */;
			productType = "com.apple.product-type.application";
		};
/* End PBXNativeTarget section */

/* Begin PBXProject section */
		DEC67E4C220B478300FE1F28 /* Project object */ = {
			isa = PBXProject;
			attributes = {
				LastSwiftUpdateCheck = 1010;
				LastUpgradeCheck = 1010;
				ORGANIZATIONNAME = "Frank Mortensen";
				TargetAttributes = {
					DEC67E53220B478300FE1F28 = {
						CreatedOnToolsVersion = 10.1;
					};
				};
			};
			buildConfigurationList = DEC67E4F220B478300FE1F28 /* Build configuration list for PBXProject "OnTheMap" */;
			compatibilityVersion = "Xcode 9.3";
			developmentRegion = en;
			hasScannedForEncodings = 0;
			knownRegions = (
				en,
				Base,
			);
			mainGroup = DEC67E4B220B478300FE1F28;
			productRefGroup = DEC67E55220B478300FE1F28 /* Products */;
			projectDirPath = "";
			projectRoot = "";
			targets = (
				DEC67E53220B478300FE1F28 /* OnTheMap */,
			);
		};
/* End PBXProject section */

/* Begin PBXResourcesBuildPhase section */
		DEC67E52220B478300FE1F28 /* Resources */ = {
			isa = PBXResourcesBuildPhase;
			buildActionMask = 2147483647;
			files = (
				DEC67E62220B478400FE1F28 /* LaunchScreen.storyboard in Resources */,
				DEC67E5F220B478400FE1F28 /* Assets.xcassets in Resources */,
				DEC67E5D220B478300FE1F28 /* Main.storyboard in Resources */,
			);
			runOnlyForDeploymentPostprocessing = 0;
		};
/* End PBXResourcesBuildPhase section */

/* Begin PBXSourcesBuildPhase section */
		DEC67E50220B478300FE1F28 /* Sources */ = {
			isa = PBXSourcesBuildPhase;
			buildActionMask = 2147483647;
			files = (
				DEC67E5A220B478300FE1F28 /* LoginViewController.swift in Sources */,
				DE60B899220CA7370081C21B /* TableViewController.swift in Sources */,
				DE60B897220CA6F30081C21B /* MapViewController.swift in Sources */,
				DEC67E58220B478300FE1F28 /* AppDelegate.swift in Sources */,
				DE60B89B220CA8630081C21B /* UIViewControllerExtension.swift in Sources */,
				DEC67E6E220B483000FE1F28 /* UdacityClient.swift in Sources */,
				DEC67E71220B4A6200FE1F28 /* LoginRequest.swift in Sources */,
				DEC67E73220B4B6300FE1F28 /* LoginResponse.swift in Sources */,
			);
			runOnlyForDeploymentPostprocessing = 0;
		};
/* End PBXSourcesBuildPhase section */

/* Begin PBXVariantGroup section */
		DEC67E5B220B478300FE1F28 /* Main.storyboard */ = {
			isa = PBXVariantGroup;
			children = (
				DEC67E5C220B478300FE1F28 /* Base */,
			);
			name = Main.storyboard;
			sourceTree = "<group>";
		};
		DEC67E60220B478400FE1F28 /* LaunchScreen.storyboard */ = {
			isa = PBXVariantGroup;
			children = (
				DEC67E61220B478400FE1F28 /* Base */,
			);
			name = LaunchScreen.storyboard;
			sourceTree = "<group>";
		};
/* End PBXVariantGroup section */

/* Begin XCBuildConfiguration section */
		DEC67E64220B478400FE1F28 /* Debug */ = {
			isa = XCBuildConfiguration;
			buildSettings = {
				ALWAYS_SEARCH_USER_PATHS = NO;
				CLANG_ANALYZER_NONNULL = YES;
				CLANG_ANALYZER_NUMBER_OBJECT_CONVERSION = YES_AGGRESSIVE;
				CLANG_CXX_LANGUAGE_STANDARD = "gnu++14";
				CLANG_CXX_LIBRARY = "libc++";
				CLANG_ENABLE_MODULES = YES;
				CLANG_ENABLE_OBJC_ARC = YES;
				CLANG_ENABLE_OBJC_WEAK = YES;
				CLANG_WARN_BLOCK_CAPTURE_AUTORELEASING = YES;
				CLANG_WARN_BOOL_CONVERSION = YES;
				CLANG_WARN_COMMA = YES;
				CLANG_WARN_CONSTANT_CONVERSION = YES;
				CLANG_WARN_DEPRECATED_OBJC_IMPLEMENTATIONS = YES;
				CLANG_WARN_DIRECT_OBJC_ISA_USAGE = YES_ERROR;
				CLANG_WARN_DOCUMENTATION_COMMENTS = YES;
				CLANG_WARN_EMPTY_BODY = YES;
				CLANG_WARN_ENUM_CONVERSION = YES;
				CLANG_WARN_INFINITE_RECURSION = YES;
				CLANG_WARN_INT_CONVERSION = YES;
				CLANG_WARN_NON_LITERAL_NULL_CONVERSION = YES;
				CLANG_WARN_OBJC_IMPLICIT_RETAIN_SELF = YES;
				CLANG_WARN_OBJC_LITERAL_CONVERSION = YES;
				CLANG_WARN_OBJC_ROOT_CLASS = YES_ERROR;
				CLANG_WARN_RANGE_LOOP_ANALYSIS = YES;
				CLANG_WARN_STRICT_PROTOTYPES = YES;
				CLANG_WARN_SUSPICIOUS_MOVE = YES;
				CLANG_WARN_UNGUARDED_AVAILABILITY = YES_AGGRESSIVE;
				CLANG_WARN_UNREACHABLE_CODE = YES;
				CLANG_WARN__DUPLICATE_METHOD_MATCH = YES;
				CODE_SIGN_IDENTITY = "iPhone Developer";
				COPY_PHASE_STRIP = NO;
				DEBUG_INFORMATION_FORMAT = dwarf;
				ENABLE_STRICT_OBJC_MSGSEND = YES;
				ENABLE_TESTABILITY = YES;
				GCC_C_LANGUAGE_STANDARD = gnu11;
				GCC_DYNAMIC_NO_PIC = NO;
				GCC_NO_COMMON_BLOCKS = YES;
				GCC_OPTIMIZATION_LEVEL = 0;
				GCC_PREPROCESSOR_DEFINITIONS = (
					"DEBUG=1",
					"$(inherited)",
				);
				GCC_WARN_64_TO_32_BIT_CONVERSION = YES;
				GCC_WARN_ABOUT_RETURN_TYPE = YES_ERROR;
				GCC_WARN_UNDECLARED_SELECTOR = YES;
				GCC_WARN_UNINITIALIZED_AUTOS = YES_AGGRESSIVE;
				GCC_WARN_UNUSED_FUNCTION = YES;
				GCC_WARN_UNUSED_VARIABLE = YES;
				IPHONEOS_DEPLOYMENT_TARGET = 12.1;
				MTL_ENABLE_DEBUG_INFO = INCLUDE_SOURCE;
				MTL_FAST_MATH = YES;
				ONLY_ACTIVE_ARCH = YES;
				SDKROOT = iphoneos;
				SWIFT_ACTIVE_COMPILATION_CONDITIONS = DEBUG;
				SWIFT_OPTIMIZATION_LEVEL = "-Onone";
			};
			name = Debug;
		};
		DEC67E65220B478400FE1F28 /* Release */ = {
			isa = XCBuildConfiguration;
			buildSettings = {
				ALWAYS_SEARCH_USER_PATHS = NO;
				CLANG_ANALYZER_NONNULL = YES;
				CLANG_ANALYZER_NUMBER_OBJECT_CONVERSION = YES_AGGRESSIVE;
				CLANG_CXX_LANGUAGE_STANDARD = "gnu++14";
				CLANG_CXX_LIBRARY = "libc++";
				CLANG_ENABLE_MODULES = YES;
				CLANG_ENABLE_OBJC_ARC = YES;
				CLANG_ENABLE_OBJC_WEAK = YES;
				CLANG_WARN_BLOCK_CAPTURE_AUTORELEASING = YES;
				CLANG_WARN_BOOL_CONVERSION = YES;
				CLANG_WARN_COMMA = YES;
				CLANG_WARN_CONSTANT_CONVERSION = YES;
				CLANG_WARN_DEPRECATED_OBJC_IMPLEMENTATIONS = YES;
				CLANG_WARN_DIRECT_OBJC_ISA_USAGE = YES_ERROR;
				CLANG_WARN_DOCUMENTATION_COMMENTS = YES;
				CLANG_WARN_EMPTY_BODY = YES;
				CLANG_WARN_ENUM_CONVERSION = YES;
				CLANG_WARN_INFINITE_RECURSION = YES;
				CLANG_WARN_INT_CONVERSION = YES;
				CLANG_WARN_NON_LITERAL_NULL_CONVERSION = YES;
				CLANG_WARN_OBJC_IMPLICIT_RETAIN_SELF = YES;
				CLANG_WARN_OBJC_LITERAL_CONVERSION = YES;
				CLANG_WARN_OBJC_ROOT_CLASS = YES_ERROR;
				CLANG_WARN_RANGE_LOOP_ANALYSIS = YES;
				CLANG_WARN_STRICT_PROTOTYPES = YES;
				CLANG_WARN_SUSPICIOUS_MOVE = YES;
				CLANG_WARN_UNGUARDED_AVAILABILITY = YES_AGGRESSIVE;
				CLANG_WARN_UNREACHABLE_CODE = YES;
				CLANG_WARN__DUPLICATE_METHOD_MATCH = YES;
				CODE_SIGN_IDENTITY = "iPhone Developer";
				COPY_PHASE_STRIP = NO;
				DEBUG_INFORMATION_FORMAT = "dwarf-with-dsym";
				ENABLE_NS_ASSERTIONS = NO;
				ENABLE_STRICT_OBJC_MSGSEND = YES;
				GCC_C_LANGUAGE_STANDARD = gnu11;
				GCC_NO_COMMON_BLOCKS = YES;
				GCC_WARN_64_TO_32_BIT_CONVERSION = YES;
				GCC_WARN_ABOUT_RETURN_TYPE = YES_ERROR;
				GCC_WARN_UNDECLARED_SELECTOR = YES;
				GCC_WARN_UNINITIALIZED_AUTOS = YES_AGGRESSIVE;
				GCC_WARN_UNUSED_FUNCTION = YES;
				GCC_WARN_UNUSED_VARIABLE = YES;
				IPHONEOS_DEPLOYMENT_TARGET = 12.1;
				MTL_ENABLE_DEBUG_INFO = NO;
				MTL_FAST_MATH = YES;
				SDKROOT = iphoneos;
				SWIFT_COMPILATION_MODE = wholemodule;
				SWIFT_OPTIMIZATION_LEVEL = "-O";
				VALIDATE_PRODUCT = YES;
			};
			name = Release;
		};
		DEC67E67220B478400FE1F28 /* Debug */ = {
			isa = XCBuildConfiguration;
			buildSettings = {
				ASSETCATALOG_COMPILER_APPICON_NAME = AppIcon;
				CODE_SIGN_STYLE = Automatic;
				DEVELOPMENT_TEAM = 49DQU47U86;
				INFOPLIST_FILE = OnTheMap/Info.plist;
				LD_RUNPATH_SEARCH_PATHS = (
					"$(inherited)",
					"@executable_path/Frameworks",
				);
				PRODUCT_BUNDLE_IDENTIFIER = im.mortensen.OnTheMap;
				PRODUCT_NAME = "$(TARGET_NAME)";
				SWIFT_VERSION = 4.2;
				TARGETED_DEVICE_FAMILY = "1,2";
			};
			name = Debug;
		};
		DEC67E68220B478400FE1F28 /* Release */ = {
			isa = XCBuildConfiguration;
			buildSettings = {
				ASSETCATALOG_COMPILER_APPICON_NAME = AppIcon;
				CODE_SIGN_STYLE = Automatic;
				DEVELOPMENT_TEAM = 49DQU47U86;
				INFOPLIST_FILE = OnTheMap/Info.plist;
				LD_RUNPATH_SEARCH_PATHS = (
					"$(inherited)",
					"@executable_path/Frameworks",
				);
				PRODUCT_BUNDLE_IDENTIFIER = im.mortensen.OnTheMap;
				PRODUCT_NAME = "$(TARGET_NAME)";
				SWIFT_VERSION = 4.2;
				TARGETED_DEVICE_FAMILY = "1,2";
			};
			name = Release;
		};
/* End XCBuildConfiguration section */

/* Begin XCConfigurationList section */
		DEC67E4F220B478300FE1F28 /* Build configuration list for PBXProject "OnTheMap" */ = {
			isa = XCConfigurationList;
			buildConfigurations = (
				DEC67E64220B478400FE1F28 /* Debug */,
				DEC67E65220B478400FE1F28 /* Release */,
			);
			defaultConfigurationIsVisible = 0;
			defaultConfigurationName = Release;
		};
		DEC67E66220B478400FE1F28 /* Build configuration list for PBXNativeTarget "OnTheMap" */ = {
			isa = XCConfigurationList;
			buildConfigurations = (
				DEC67E67220B478400FE1F28 /* Debug */,
				DEC67E68220B478400FE1F28 /* Release */,
			);
			defaultConfigurationIsVisible = 0;
			defaultConfigurationName = Release;
		};
/* End XCConfigurationList section */
	};
	rootObject = DEC67E4C220B478300FE1F28 /* Project object */;
}
